// !$*UTF8*$!
{
	archiveVersion = 1;
	classes = {
	};
	objectVersion = 50;
	objects = {

/* Begin PBXBuildFile section */
		478B73AB20BE33A800366314 /* AppDelegate.swift in Sources */ = {isa = PBXBuildFile; fileRef = 478B73AA20BE33A800366314 /* AppDelegate.swift */; };
		478B73AD20BE33A800366314 /* MovieViewController.swift in Sources */ = {isa = PBXBuildFile; fileRef = 478B73AC20BE33A800366314 /* MovieViewController.swift */; };
		478B73B020BE33A800366314 /* Main.storyboard in Resources */ = {isa = PBXBuildFile; fileRef = 478B73AE20BE33A800366314 /* Main.storyboard */; };
		478B73B220BE33AA00366314 /* Assets.xcassets in Resources */ = {isa = PBXBuildFile; fileRef = 478B73B120BE33AA00366314 /* Assets.xcassets */; };
		478B73B520BE33AA00366314 /* LaunchScreen.storyboard in Resources */ = {isa = PBXBuildFile; fileRef = 478B73B320BE33AA00366314 /* LaunchScreen.storyboard */; };
		478B73C020BE33AA00366314 /* Quick_NimbleSampleProjectTests.swift in Sources */ = {isa = PBXBuildFile; fileRef = 478B73BF20BE33AA00366314 /* Quick_NimbleSampleProjectTests.swift */; };
		478B73CB20BE375E00366314 /* MovieGenre.swift in Sources */ = {isa = PBXBuildFile; fileRef = 478B73CA20BE375E00366314 /* MovieGenre.swift */; };
		478B73CD20BE37A400366314 /* Movie.swift in Sources */ = {isa = PBXBuildFile; fileRef = 478B73CC20BE37A400366314 /* Movie.swift */; };
		478B73CF20BE37F700366314 /* MovieDataHelper.swift in Sources */ = {isa = PBXBuildFile; fileRef = 478B73CE20BE37F700366314 /* MovieDataHelper.swift */; };
		80D6DF2A51D9704A0FF94032 /* Pods_Quick_NimbleSampleProject.framework in Frameworks */ = {isa = PBXBuildFile; fileRef = D3B57A0B3057F0C69FC285F5 /* Pods_Quick_NimbleSampleProject.framework */; };
		906D1C591AE0F54B7F6DB8E3 /* Pods_Quick_NimbleSampleProjectTests.framework in Frameworks */ = {isa = PBXBuildFile; fileRef = 6CF6CD773C83AA4BC8E3CA10 /* Pods_Quick_NimbleSampleProjectTests.framework */; };
/* End PBXBuildFile section */

/* Begin PBXContainerItemProxy section */
		478B73BC20BE33AA00366314 /* PBXContainerItemProxy */ = {
			isa = PBXContainerItemProxy;
			containerPortal = 478B739F20BE33A800366314 /* Project object */;
			proxyType = 1;
			remoteGlobalIDString = 478B73A620BE33A800366314;
			remoteInfo = "Quick&NimbleSampleProject";
		};
/* End PBXContainerItemProxy section */

/* Begin PBXFileReference section */
		2ED4B85E16440636E973FA59 /* Pods-Quick&NimbleSampleProject.debug.xcconfig */ = {isa = PBXFileReference; includeInIndex = 1; lastKnownFileType = text.xcconfig; name = "Pods-Quick&NimbleSampleProject.debug.xcconfig"; path = "Pods/Target Support Files/Pods-Quick&NimbleSampleProject/Pods-Quick&NimbleSampleProject.debug.xcconfig"; sourceTree = "<group>"; };
		478B73A720BE33A800366314 /* Quick&NimbleSampleProject.app */ = {isa = PBXFileReference; explicitFileType = wrapper.application; includeInIndex = 0; path = "Quick&NimbleSampleProject.app"; sourceTree = BUILT_PRODUCTS_DIR; };
		478B73AA20BE33A800366314 /* AppDelegate.swift */ = {isa = PBXFileReference; lastKnownFileType = sourcecode.swift; path = AppDelegate.swift; sourceTree = "<group>"; };
		478B73AC20BE33A800366314 /* MovieViewController.swift */ = {isa = PBXFileReference; lastKnownFileType = sourcecode.swift; path = MovieViewController.swift; sourceTree = "<group>"; };
		478B73AF20BE33A800366314 /* Base */ = {isa = PBXFileReference; lastKnownFileType = file.storyboard; name = Base; path = Base.lproj/Main.storyboard; sourceTree = "<group>"; };
		478B73B120BE33AA00366314 /* Assets.xcassets */ = {isa = PBXFileReference; lastKnownFileType = folder.assetcatalog; path = Assets.xcassets; sourceTree = "<group>"; };
		478B73B420BE33AA00366314 /* Base */ = {isa = PBXFileReference; lastKnownFileType = file.storyboard; name = Base; path = Base.lproj/LaunchScreen.storyboard; sourceTree = "<group>"; };
		478B73B620BE33AA00366314 /* Info.plist */ = {isa = PBXFileReference; lastKnownFileType = text.plist.xml; path = Info.plist; sourceTree = "<group>"; };
		478B73BB20BE33AA00366314 /* Quick&NimbleSampleProjectTests.xctest */ = {isa = PBXFileReference; explicitFileType = wrapper.cfbundle; includeInIndex = 0; path = "Quick&NimbleSampleProjectTests.xctest"; sourceTree = BUILT_PRODUCTS_DIR; };
		478B73BF20BE33AA00366314 /* Quick_NimbleSampleProjectTests.swift */ = {isa = PBXFileReference; lastKnownFileType = sourcecode.swift; path = Quick_NimbleSampleProjectTests.swift; sourceTree = "<group>"; };
		478B73C120BE33AA00366314 /* Info.plist */ = {isa = PBXFileReference; lastKnownFileType = text.plist.xml; path = Info.plist; sourceTree = "<group>"; };
		478B73CA20BE375E00366314 /* MovieGenre.swift */ = {isa = PBXFileReference; lastKnownFileType = sourcecode.swift; path = MovieGenre.swift; sourceTree = "<group>"; };
		478B73CC20BE37A400366314 /* Movie.swift */ = {isa = PBXFileReference; lastKnownFileType = sourcecode.swift; path = Movie.swift; sourceTree = "<group>"; };
		478B73CE20BE37F700366314 /* MovieDataHelper.swift */ = {isa = PBXFileReference; lastKnownFileType = sourcecode.swift; path = MovieDataHelper.swift; sourceTree = "<group>"; };
		57C68B9F41DCCC639008A452 /* Pods-Quick&NimbleSampleProjectTests.release.xcconfig */ = {isa = PBXFileReference; includeInIndex = 1; lastKnownFileType = text.xcconfig; name = "Pods-Quick&NimbleSampleProjectTests.release.xcconfig"; path = "Pods/Target Support Files/Pods-Quick&NimbleSampleProjectTests/Pods-Quick&NimbleSampleProjectTests.release.xcconfig"; sourceTree = "<group>"; };
		5A328DA5B266B8139BB197E5 /* Pods-Quick&NimbleSampleProject.release.xcconfig */ = {isa = PBXFileReference; includeInIndex = 1; lastKnownFileType = text.xcconfig; name = "Pods-Quick&NimbleSampleProject.release.xcconfig"; path = "Pods/Target Support Files/Pods-Quick&NimbleSampleProject/Pods-Quick&NimbleSampleProject.release.xcconfig"; sourceTree = "<group>"; };
		6CF6CD773C83AA4BC8E3CA10 /* Pods_Quick_NimbleSampleProjectTests.framework */ = {isa = PBXFileReference; explicitFileType = wrapper.framework; includeInIndex = 0; path = Pods_Quick_NimbleSampleProjectTests.framework; sourceTree = BUILT_PRODUCTS_DIR; };
		9F96BB200C7C716B4765C8C0 /* Pods-Quick&NimbleSampleProjectTests.debug.xcconfig */ = {isa = PBXFileReference; includeInIndex = 1; lastKnownFileType = text.xcconfig; name = "Pods-Quick&NimbleSampleProjectTests.debug.xcconfig"; path = "Pods/Target Support Files/Pods-Quick&NimbleSampleProjectTests/Pods-Quick&NimbleSampleProjectTests.debug.xcconfig"; sourceTree = "<group>"; };
		D3B57A0B3057F0C69FC285F5 /* Pods_Quick_NimbleSampleProject.framework */ = {isa = PBXFileReference; explicitFileType = wrapper.framework; includeInIndex = 0; path = Pods_Quick_NimbleSampleProject.framework; sourceTree = BUILT_PRODUCTS_DIR; };
/* End PBXFileReference section */

/* Begin PBXFrameworksBuildPhase section */
		478B73A420BE33A800366314 /* Frameworks */ = {
			isa = PBXFrameworksBuildPhase;
			buildActionMask = 2147483647;
			files = (
				80D6DF2A51D9704A0FF94032 /* Pods_Quick_NimbleSampleProject.framework in Frameworks */,
			);
			runOnlyForDeploymentPostprocessing = 0;
		};
		478B73B820BE33AA00366314 /* Frameworks */ = {
			isa = PBXFrameworksBuildPhase;
			buildActionMask = 2147483647;
			files = (
				906D1C591AE0F54B7F6DB8E3 /* Pods_Quick_NimbleSampleProjectTests.framework in Frameworks */,
			);
			runOnlyForDeploymentPostprocessing = 0;
		};
/* End PBXFrameworksBuildPhase section */

/* Begin PBXGroup section */
		478B739E20BE33A800366314 = {
			isa = PBXGroup;
			children = (
				478B73A920BE33A800366314 /* Quick&NimbleSampleProject */,
				478B73BE20BE33AA00366314 /* Quick&NimbleSampleProjectTests */,
				478B73A820BE33A800366314 /* Products */,
				886DD3DE81EC08B5F3DEFAEE /* Pods */,
				EFD81C4F4B0FA5150A525639 /* Frameworks */,
			);
			sourceTree = "<group>";
		};
		478B73A820BE33A800366314 /* Products */ = {
			isa = PBXGroup;
			children = (
				478B73A720BE33A800366314 /* Quick&NimbleSampleProject.app */,
				478B73BB20BE33AA00366314 /* Quick&NimbleSampleProjectTests.xctest */,
			);
			name = Products;
			sourceTree = "<group>";
		};
		478B73A920BE33A800366314 /* Quick&NimbleSampleProject */ = {
			isa = PBXGroup;
			children = (
				478B73D020BE37FC00366314 /* Model */,
				478B73D220BE384400366314 /* Helper */,
				478B73D120BE381000366314 /* View */,
				478B73AA20BE33A800366314 /* AppDelegate.swift */,
				478B73AE20BE33A800366314 /* Main.storyboard */,
				478B73B120BE33AA00366314 /* Assets.xcassets */,
				478B73B320BE33AA00366314 /* LaunchScreen.storyboard */,
				478B73B620BE33AA00366314 /* Info.plist */,
			);
			path = "Quick&NimbleSampleProject";
			sourceTree = "<group>";
		};
		478B73BE20BE33AA00366314 /* Quick&NimbleSampleProjectTests */ = {
			isa = PBXGroup;
			children = (
				478B73BF20BE33AA00366314 /* Quick_NimbleSampleProjectTests.swift */,
				478B73C120BE33AA00366314 /* Info.plist */,
			);
			path = "Quick&NimbleSampleProjectTests";
			sourceTree = "<group>";
		};
		478B73D020BE37FC00366314 /* Model */ = {
			isa = PBXGroup;
			children = (
				478B73CA20BE375E00366314 /* MovieGenre.swift */,
				478B73CC20BE37A400366314 /* Movie.swift */,
			);
			path = Model;
			sourceTree = "<group>";
		};
		478B73D120BE381000366314 /* View */ = {
			isa = PBXGroup;
			children = (
				478B73AC20BE33A800366314 /* MovieViewController.swift */,
			);
			path = View;
			sourceTree = "<group>";
		};
		478B73D220BE384400366314 /* Helper */ = {
			isa = PBXGroup;
			children = (
				478B73CE20BE37F700366314 /* MovieDataHelper.swift */,
			);
			path = Helper;
			sourceTree = "<group>";
		};
		886DD3DE81EC08B5F3DEFAEE /* Pods */ = {
			isa = PBXGroup;
			children = (
				2ED4B85E16440636E973FA59 /* Pods-Quick&NimbleSampleProject.debug.xcconfig */,
				5A328DA5B266B8139BB197E5 /* Pods-Quick&NimbleSampleProject.release.xcconfig */,
				9F96BB200C7C716B4765C8C0 /* Pods-Quick&NimbleSampleProjectTests.debug.xcconfig */,
				57C68B9F41DCCC639008A452 /* Pods-Quick&NimbleSampleProjectTests.release.xcconfig */,
			);
			name = Pods;
			sourceTree = "<group>";
		};
		EFD81C4F4B0FA5150A525639 /* Frameworks */ = {
			isa = PBXGroup;
			children = (
				D3B57A0B3057F0C69FC285F5 /* Pods_Quick_NimbleSampleProject.framework */,
				6CF6CD773C83AA4BC8E3CA10 /* Pods_Quick_NimbleSampleProjectTests.framework */,
			);
			name = Frameworks;
			sourceTree = "<group>";
		};
/* End PBXGroup section */

/* Begin PBXNativeTarget section */
		478B73A620BE33A800366314 /* Quick&NimbleSampleProject */ = {
			isa = PBXNativeTarget;
			buildConfigurationList = 478B73C420BE33AA00366314 /* Build configuration list for PBXNativeTarget "Quick&NimbleSampleProject" */;
			buildPhases = (
				03DF4D7646F66E610B93D3ED /* [CP] Check Pods Manifest.lock */,
				478B73A320BE33A800366314 /* Sources */,
				478B73A420BE33A800366314 /* Frameworks */,
				478B73A520BE33A800366314 /* Resources */,
				3A3699B91AC3B5B98E28F3D0 /* [CP] Embed Pods Frameworks */,
			);
			buildRules = (
			);
			dependencies = (
			);
			name = "Quick&NimbleSampleProject";
			productName = "Quick&NimbleSampleProject";
			productReference = 478B73A720BE33A800366314 /* Quick&NimbleSampleProject.app */;
			productType = "com.apple.product-type.application";
		};
		478B73BA20BE33AA00366314 /* Quick&NimbleSampleProjectTests */ = {
			isa = PBXNativeTarget;
			buildConfigurationList = 478B73C720BE33AA00366314 /* Build configuration list for PBXNativeTarget "Quick&NimbleSampleProjectTests" */;
			buildPhases = (
				E82E5BE1C1935FA9B593880A /* [CP] Check Pods Manifest.lock */,
				478B73B720BE33AA00366314 /* Sources */,
				478B73B820BE33AA00366314 /* Frameworks */,
				478B73B920BE33AA00366314 /* Resources */,
			);
			buildRules = (
			);
			dependencies = (
				478B73BD20BE33AA00366314 /* PBXTargetDependency */,
			);
			name = "Quick&NimbleSampleProjectTests";
			productName = "Quick&NimbleSampleProjectTests";
			productReference = 478B73BB20BE33AA00366314 /* Quick&NimbleSampleProjectTests.xctest */;
			productType = "com.apple.product-type.bundle.unit-test";
		};
/* End PBXNativeTarget section */

/* Begin PBXProject section */
		478B739F20BE33A800366314 /* Project object */ = {
			isa = PBXProject;
			attributes = {
				LastSwiftUpdateCheck = 0930;
				LastUpgradeCheck = 0930;
				ORGANIZATIONNAME = HengVisal;
				TargetAttributes = {
					478B73A620BE33A800366314 = {
						CreatedOnToolsVersion = 9.3.1;
					};
					478B73BA20BE33AA00366314 = {
						CreatedOnToolsVersion = 9.3.1;
						TestTargetID = 478B73A620BE33A800366314;
					};
				};
			};
			buildConfigurationList = 478B73A220BE33A800366314 /* Build configuration list for PBXProject "Quick&NimbleSampleProject" */;
			compatibilityVersion = "Xcode 9.3";
			developmentRegion = en;
			hasScannedForEncodings = 0;
			knownRegions = (
				en,
				Base,
			);
			mainGroup = 478B739E20BE33A800366314;
			productRefGroup = 478B73A820BE33A800366314 /* Products */;
			projectDirPath = "";
			projectRoot = "";
			targets = (
				478B73A620BE33A800366314 /* Quick&NimbleSampleProject */,
				478B73BA20BE33AA00366314 /* Quick&NimbleSampleProjectTests */,
			);
		};
/* End PBXProject section */

/* Begin PBXResourcesBuildPhase section */
		478B73A520BE33A800366314 /* Resources */ = {
			isa = PBXResourcesBuildPhase;
			buildActionMask = 2147483647;
			files = (
				478B73B520BE33AA00366314 /* LaunchScreen.storyboard in Resources */,
				478B73B220BE33AA00366314 /* Assets.xcassets in Resources */,
				478B73B020BE33A800366314 /* Main.storyboard in Resources */,
			);
			runOnlyForDeploymentPostprocessing = 0;
		};
		478B73B920BE33AA00366314 /* Resources */ = {
			isa = PBXResourcesBuildPhase;
			buildActionMask = 2147483647;
			files = (
			);
			runOnlyForDeploymentPostprocessing = 0;
		};
/* End PBXResourcesBuildPhase section */

/* Begin PBXShellScriptBuildPhase section */
		03DF4D7646F66E610B93D3ED /* [CP] Check Pods Manifest.lock */ = {
			isa = PBXShellScriptBuildPhase;
			buildActionMask = 2147483647;
			files = (
			);
			inputPaths = (
				"${PODS_PODFILE_DIR_PATH}/Podfile.lock",
				"${PODS_ROOT}/Manifest.lock",
			);
			name = "[CP] Check Pods Manifest.lock";
			outputPaths = (
				"$(DERIVED_FILE_DIR)/Pods-Quick&NimbleSampleProject-checkManifestLockResult.txt",
			);
			runOnlyForDeploymentPostprocessing = 0;
			shellPath = /bin/sh;
			shellScript = "diff \"${PODS_PODFILE_DIR_PATH}/Podfile.lock\" \"${PODS_ROOT}/Manifest.lock\" > /dev/null\nif [ $? != 0 ] ; then\n    # print error to STDERR\n    echo \"error: The sandbox is not in sync with the Podfile.lock. Run 'pod install' or update your CocoaPods installation.\" >&2\n    exit 1\nfi\n# This output is used by Xcode 'outputs' to avoid re-running this script phase.\necho \"SUCCESS\" > \"${SCRIPT_OUTPUT_FILE_0}\"\n";
			showEnvVarsInLog = 0;
		};
		3A3699B91AC3B5B98E28F3D0 /* [CP] Embed Pods Frameworks */ = {
			isa = PBXShellScriptBuildPhase;
			buildActionMask = 2147483647;
			files = (
			);
			inputPaths = (
				"${SRCROOT}/Pods/Target Support Files/Pods-Quick&NimbleSampleProject/Pods-Quick&NimbleSampleProject-frameworks.sh",
				"${BUILT_PRODUCTS_DIR}/Nimble/Nimble.framework",
				"${BUILT_PRODUCTS_DIR}/Quick/Quick.framework",
				"${BUILT_PRODUCTS_DIR}/SnapKit/SnapKit.framework",
			);
			name = "[CP] Embed Pods Frameworks";
			outputPaths = (
				"${TARGET_BUILD_DIR}/${FRAMEWORKS_FOLDER_PATH}/Nimble.framework",
				"${TARGET_BUILD_DIR}/${FRAMEWORKS_FOLDER_PATH}/Quick.framework",
				"${TARGET_BUILD_DIR}/${FRAMEWORKS_FOLDER_PATH}/SnapKit.framework",
			);
			runOnlyForDeploymentPostprocessing = 0;
			shellPath = /bin/sh;
			shellScript = "\"${SRCROOT}/Pods/Target Support Files/Pods-Quick&NimbleSampleProject/Pods-Quick&NimbleSampleProject-frameworks.sh\"\n";
			showEnvVarsInLog = 0;
		};
		E82E5BE1C1935FA9B593880A /* [CP] Check Pods Manifest.lock */ = {
			isa = PBXShellScriptBuildPhase;
			buildActionMask = 2147483647;
			files = (
			);
			inputPaths = (
				"${PODS_PODFILE_DIR_PATH}/Podfile.lock",
				"${PODS_ROOT}/Manifest.lock",
			);
			name = "[CP] Check Pods Manifest.lock";
			outputPaths = (
				"$(DERIVED_FILE_DIR)/Pods-Quick&NimbleSampleProjectTests-checkManifestLockResult.txt",
			);
			runOnlyForDeploymentPostprocessing = 0;
			shellPath = /bin/sh;
			shellScript = "diff \"${PODS_PODFILE_DIR_PATH}/Podfile.lock\" \"${PODS_ROOT}/Manifest.lock\" > /dev/null\nif [ $? != 0 ] ; then\n    # print error to STDERR\n    echo \"error: The sandbox is not in sync with the Podfile.lock. Run 'pod install' or update your CocoaPods installation.\" >&2\n    exit 1\nfi\n# This output is used by Xcode 'outputs' to avoid re-running this script phase.\necho \"SUCCESS\" > \"${SCRIPT_OUTPUT_FILE_0}\"\n";
			showEnvVarsInLog = 0;
		};
/* End PBXShellScriptBuildPhase section */

/* Begin PBXSourcesBuildPhase section */
		478B73A320BE33A800366314 /* Sources */ = {
			isa = PBXSourcesBuildPhase;
			buildActionMask = 2147483647;
			files = (
				478B73AD20BE33A800366314 /* MovieViewController.swift in Sources */,
				478B73CF20BE37F700366314 /* MovieDataHelper.swift in Sources */,
				478B73CB20BE375E00366314 /* MovieGenre.swift in Sources */,
				478B73CD20BE37A400366314 /* Movie.swift in Sources */,
				478B73AB20BE33A800366314 /* AppDelegate.swift in Sources */,
			);
			runOnlyForDeploymentPostprocessing = 0;
		};
		478B73B720BE33AA00366314 /* Sources */ = {
			isa = PBXSourcesBuildPhase;
			buildActionMask = 2147483647;
			files = (
				478B73C020BE33AA00366314 /* Quick_NimbleSampleProjectTests.swift in Sources */,
			);
			runOnlyForDeploymentPostprocessing = 0;
		};
/* End PBXSourcesBuildPhase section */

/* Begin PBXTargetDependency section */
		478B73BD20BE33AA00366314 /* PBXTargetDependency */ = {
			isa = PBXTargetDependency;
			target = 478B73A620BE33A800366314 /* Quick&NimbleSampleProject */;
			targetProxy = 478B73BC20BE33AA00366314 /* PBXContainerItemProxy */;
		};
/* End PBXTargetDependency section */

/* Begin PBXVariantGroup section */
		478B73AE20BE33A800366314 /* Main.storyboard */ = {
			isa = PBXVariantGroup;
			children = (
				478B73AF20BE33A800366314 /* Base */,
			);
			name = Main.storyboard;
			sourceTree = "<group>";
		};
		478B73B320BE33AA00366314 /* LaunchScreen.storyboard */ = {
			isa = PBXVariantGroup;
			children = (
				478B73B420BE33AA00366314 /* Base */,
			);
			name = LaunchScreen.storyboard;
			sourceTree = "<group>";
		};
/* End PBXVariantGroup section */

/* Begin XCBuildConfiguration section */
		478B73C220BE33AA00366314 /* Debug */ = {
			isa = XCBuildConfiguration;
			buildSettings = {
				ALWAYS_SEARCH_USER_PATHS = NO;
				CLANG_ANALYZER_NONNULL = YES;
				CLANG_ANALYZER_NUMBER_OBJECT_CONVERSION = YES_AGGRESSIVE;
				CLANG_CXX_LANGUAGE_STANDARD = "gnu++14";
				CLANG_CXX_LIBRARY = "libc++";
				CLANG_ENABLE_MODULES = YES;
				CLANG_ENABLE_OBJC_ARC = YES;
				CLANG_ENABLE_OBJC_WEAK = YES;
				CLANG_WARN_BLOCK_CAPTURE_AUTORELEASING = YES;
				CLANG_WARN_BOOL_CONVERSION = YES;
				CLANG_WARN_COMMA = YES;
				CLANG_WARN_CONSTANT_CONVERSION = YES;
				CLANG_WARN_DEPRECATED_OBJC_IMPLEMENTATIONS = YES;
				CLANG_WARN_DIRECT_OBJC_ISA_USAGE = YES_ERROR;
				CLANG_WARN_DOCUMENTATION_COMMENTS = YES;
				CLANG_WARN_EMPTY_BODY = YES;
				CLANG_WARN_ENUM_CONVERSION = YES;
				CLANG_WARN_INFINITE_RECURSION = YES;
				CLANG_WARN_INT_CONVERSION = YES;
				CLANG_WARN_NON_LITERAL_NULL_CONVERSION = YES;
				CLANG_WARN_OBJC_IMPLICIT_RETAIN_SELF = YES;
				CLANG_WARN_OBJC_LITERAL_CONVERSION = YES;
				CLANG_WARN_OBJC_ROOT_CLASS = YES_ERROR;
				CLANG_WARN_RANGE_LOOP_ANALYSIS = YES;
				CLANG_WARN_STRICT_PROTOTYPES = YES;
				CLANG_WARN_SUSPICIOUS_MOVE = YES;
				CLANG_WARN_UNGUARDED_AVAILABILITY = YES_AGGRESSIVE;
				CLANG_WARN_UNREACHABLE_CODE = YES;
				CLANG_WARN__DUPLICATE_METHOD_MATCH = YES;
				CODE_SIGN_IDENTITY = "iPhone Developer";
				COPY_PHASE_STRIP = NO;
				DEBUG_INFORMATION_FORMAT = dwarf;
				ENABLE_STRICT_OBJC_MSGSEND = YES;
				ENABLE_TESTABILITY = YES;
				GCC_C_LANGUAGE_STANDARD = gnu11;
				GCC_DYNAMIC_NO_PIC = NO;
				GCC_NO_COMMON_BLOCKS = YES;
				GCC_OPTIMIZATION_LEVEL = 0;
				GCC_PREPROCESSOR_DEFINITIONS = (
					"DEBUG=1",
					"$(inherited)",
				);
				GCC_WARN_64_TO_32_BIT_CONVERSION = YES;
				GCC_WARN_ABOUT_RETURN_TYPE = YES_ERROR;
				GCC_WARN_UNDECLARED_SELECTOR = YES;
				GCC_WARN_UNINITIALIZED_AUTOS = YES_AGGRESSIVE;
				GCC_WARN_UNUSED_FUNCTION = YES;
				GCC_WARN_UNUSED_VARIABLE = YES;
				IPHONEOS_DEPLOYMENT_TARGET = 11.3;
				MTL_ENABLE_DEBUG_INFO = YES;
				ONLY_ACTIVE_ARCH = YES;
				SDKROOT = iphoneos;
				SWIFT_ACTIVE_COMPILATION_CONDITIONS = DEBUG;
				SWIFT_OPTIMIZATION_LEVEL = "-Onone";
			};
			name = Debug;
		};
		478B73C320BE33AA00366314 /* Release */ = {
			isa = XCBuildConfiguration;
			buildSettings = {
				ALWAYS_SEARCH_USER_PATHS = NO;
				CLANG_ANALYZER_NONNULL = YES;
				CLANG_ANALYZER_NUMBER_OBJECT_CONVERSION = YES_AGGRESSIVE;
				CLANG_CXX_LANGUAGE_STANDARD = "gnu++14";
				CLANG_CXX_LIBRARY = "libc++";
				CLANG_ENABLE_MODULES = YES;
				CLANG_ENABLE_OBJC_ARC = YES;
				CLANG_ENABLE_OBJC_WEAK = YES;
				CLANG_WARN_BLOCK_CAPTURE_AUTORELEASING = YES;
				CLANG_WARN_BOOL_CONVERSION = YES;
				CLANG_WARN_COMMA = YES;
				CLANG_WARN_CONSTANT_CONVERSION = YES;
				CLANG_WARN_DEPRECATED_OBJC_IMPLEMENTATIONS = YES;
				CLANG_WARN_DIRECT_OBJC_ISA_USAGE = YES_ERROR;
				CLANG_WARN_DOCUMENTATION_COMMENTS = YES;
				CLANG_WARN_EMPTY_BODY = YES;
				CLANG_WARN_ENUM_CONVERSION = YES;
				CLANG_WARN_INFINITE_RECURSION = YES;
				CLANG_WARN_INT_CONVERSION = YES;
				CLANG_WARN_NON_LITERAL_NULL_CONVERSION = YES;
				CLANG_WARN_OBJC_IMPLICIT_RETAIN_SELF = YES;
				CLANG_WARN_OBJC_LITERAL_CONVERSION = YES;
				CLANG_WARN_OBJC_ROOT_CLASS = YES_ERROR;
				CLANG_WARN_RANGE_LOOP_ANALYSIS = YES;
				CLANG_WARN_STRICT_PROTOTYPES = YES;
				CLANG_WARN_SUSPICIOUS_MOVE = YES;
				CLANG_WARN_UNGUARDED_AVAILABILITY = YES_AGGRESSIVE;
				CLANG_WARN_UNREACHABLE_CODE = YES;
				CLANG_WARN__DUPLICATE_METHOD_MATCH = YES;
				CODE_SIGN_IDENTITY = "iPhone Developer";
				COPY_PHASE_STRIP = NO;
				DEBUG_INFORMATION_FORMAT = "dwarf-with-dsym";
				ENABLE_NS_ASSERTIONS = NO;
				ENABLE_STRICT_OBJC_MSGSEND = YES;
				GCC_C_LANGUAGE_STANDARD = gnu11;
				GCC_NO_COMMON_BLOCKS = YES;
				GCC_WARN_64_TO_32_BIT_CONVERSION = YES;
				GCC_WARN_ABOUT_RETURN_TYPE = YES_ERROR;
				GCC_WARN_UNDECLARED_SELECTOR = YES;
				GCC_WARN_UNINITIALIZED_AUTOS = YES_AGGRESSIVE;
				GCC_WARN_UNUSED_FUNCTION = YES;
				GCC_WARN_UNUSED_VARIABLE = YES;
				IPHONEOS_DEPLOYMENT_TARGET = 11.3;
				MTL_ENABLE_DEBUG_INFO = NO;
				SDKROOT = iphoneos;
				SWIFT_COMPILATION_MODE = wholemodule;
				SWIFT_OPTIMIZATION_LEVEL = "-O";
				VALIDATE_PRODUCT = YES;
			};
			name = Release;
		};
		478B73C520BE33AA00366314 /* Debug */ = {
			isa = XCBuildConfiguration;
			baseConfigurationReference = 2ED4B85E16440636E973FA59 /* Pods-Quick&NimbleSampleProject.debug.xcconfig */;
			buildSettings = {
				ASSETCATALOG_COMPILER_APPICON_NAME = AppIcon;
				CODE_SIGN_STYLE = Automatic;
				DEVELOPMENT_TEAM = 93GSU5NMZY;
				INFOPLIST_FILE = "Quick&NimbleSampleProject/Info.plist";
				LD_RUNPATH_SEARCH_PATHS = (
					"$(inherited)",
					"@executable_path/Frameworks",
				);
				PRODUCT_BUNDLE_IDENTIFIER = "qnet.notify.Quick-NimbleSampleProject";
				PRODUCT_NAME = "$(TARGET_NAME)";
				SWIFT_VERSION = 4.0;
				TARGETED_DEVICE_FAMILY = "1,2";
			};
			name = Debug;
		};
		478B73C620BE33AA00366314 /* Release */ = {
			isa = XCBuildConfiguration;
			baseConfigurationReference = 5A328DA5B266B8139BB197E5 /* Pods-Quick&NimbleSampleProject.release.xcconfig */;
			buildSettings = {
				ASSETCATALOG_COMPILER_APPICON_NAME = AppIcon;
				CODE_SIGN_STYLE = Automatic;
				DEVELOPMENT_TEAM = 93GSU5NMZY;
				INFOPLIST_FILE = "Quick&NimbleSampleProject/Info.plist";
				LD_RUNPATH_SEARCH_PATHS = (
					"$(inherited)",
					"@executable_path/Frameworks",
				);
				PRODUCT_BUNDLE_IDENTIFIER = "qnet.notify.Quick-NimbleSampleProject";
				PRODUCT_NAME = "$(TARGET_NAME)";
				SWIFT_VERSION = 4.0;
				TARGETED_DEVICE_FAMILY = "1,2";
			};
			name = Release;
		};
		478B73C820BE33AA00366314 /* Debug */ = {
			isa = XCBuildConfiguration;
			baseConfigurationReference = 9F96BB200C7C716B4765C8C0 /* Pods-Quick&NimbleSampleProjectTests.debug.xcconfig */;
			buildSettings = {
				ALWAYS_EMBED_SWIFT_STANDARD_LIBRARIES = YES;
				BUNDLE_LOADER = "$(TEST_HOST)";
				CODE_SIGN_STYLE = Automatic;
				DEVELOPMENT_TEAM = 93GSU5NMZY;
				INFOPLIST_FILE = "Quick&NimbleSampleProjectTests/Info.plist";
				LD_RUNPATH_SEARCH_PATHS = (
					"$(inherited)",
					"@executable_path/Frameworks",
					"@loader_path/Frameworks",
				);
				PRODUCT_BUNDLE_IDENTIFIER = "qnet.notify.Quick-NimbleSampleProjectTests";
				PRODUCT_NAME = "$(TARGET_NAME)";
				SWIFT_VERSION = 4.0;
				TARGETED_DEVICE_FAMILY = "1,2";
				TEST_HOST = "$(BUILT_PRODUCTS_DIR)/Quick&NimbleSampleProject.app/Quick&NimbleSampleProject";
			};
			name = Debug;
		};
		478B73C920BE33AA00366314 /* Release */ = {
			isa = XCBuildConfiguration;
			baseConfigurationReference = 57C68B9F41DCCC639008A452 /* Pods-Quick&NimbleSampleProjectTests.release.xcconfig */;
			buildSettings = {
				ALWAYS_EMBED_SWIFT_STANDARD_LIBRARIES = YES;
				BUNDLE_LOADER = "$(TEST_HOST)";
				CODE_SIGN_STYLE = Automatic;
				DEVELOPMENT_TEAM = 93GSU5NMZY;
				INFOPLIST_FILE = "Quick&NimbleSampleProjectTests/Info.plist";
				LD_RUNPATH_SEARCH_PATHS = (
					"$(inherited)",
					"@executable_path/Frameworks",
					"@loader_path/Frameworks",
				);
				PRODUCT_BUNDLE_IDENTIFIER = "qnet.notify.Quick-NimbleSampleProjectTests";
				PRODUCT_NAME = "$(TARGET_NAME)";
				SWIFT_VERSION = 4.0;
				TARGETED_DEVICE_FAMILY = "1,2";
				TEST_HOST = "$(BUILT_PRODUCTS_DIR)/Quick&NimbleSampleProject.app/Quick&NimbleSampleProject";
			};
			name = Release;
		};
/* End XCBuildConfiguration section */

/* Begin XCConfigurationList section */
		478B73A220BE33A800366314 /* Build configuration list for PBXProject "Quick&NimbleSampleProject" */ = {
			isa = XCConfigurationList;
			buildConfigurations = (
				478B73C220BE33AA00366314 /* Debug */,
				478B73C320BE33AA00366314 /* Release */,
			);
			defaultConfigurationIsVisible = 0;
			defaultConfigurationName = Release;
		};
		478B73C420BE33AA00366314 /* Build configuration list for PBXNativeTarget "Quick&NimbleSampleProject" */ = {
			isa = XCConfigurationList;
			buildConfigurations = (
				478B73C520BE33AA00366314 /* Debug */,
				478B73C620BE33AA00366314 /* Release */,
			);
			defaultConfigurationIsVisible = 0;
			defaultConfigurationName = Release;
		};
		478B73C720BE33AA00366314 /* Build configuration list for PBXNativeTarget "Quick&NimbleSampleProjectTests" */ = {
			isa = XCConfigurationList;
			buildConfigurations = (
				478B73C820BE33AA00366314 /* Debug */,
				478B73C920BE33AA00366314 /* Release */,
			);
			defaultConfigurationIsVisible = 0;
			defaultConfigurationName = Release;
		};
/* End XCConfigurationList section */
	};
	rootObject = 478B739F20BE33A800366314 /* Project object */;
}
